
Microsoft Visual Studio Solution File, Format Version 12.00
# Visual Studio 15
VisualStudioVersion = 15.0.27130.2027
MinimumVisualStudioVersion = 10.0.40219.1
Project("{FAE04EC0-301F-11D3-BF4B-00C04F79EFBC}") = "ConsoleApp5", "ConsoleApp5\ConsoleApp5.csproj", "{81478C2C-D732-4D1B-A512-8F087E50B7A9}"
EndProject
Global
	GlobalSection(SolutionConfigurationPlatforms) = preSolution
		Debug|Any CPU = Debug|Any CPU
		Release|Any CPU = Release|Any CPU
	EndGlobalSection
	GlobalSection(ProjectConfigurationPlatforms) = postSolution
		{81478C2C-D732-4D1B-A512-8F087E50B7A9}.Debug|Any CPU.ActiveCfg = Debug|Any CPU
		{81478C2C-D732-4D1B-A512-8F087E50B7A9}.Debug|Any CPU.Build.0 = Debug|Any CPU
		{81478C2C-D732-4D1B-A512-8F087E50B7A9}.Release|Any CPU.ActiveCfg = Release|Any CPU
		{81478C2C-D732-4D1B-A512-8F087E50B7A9}.Release|Any CPU.Build.0 = Release|Any CPU
	EndGlobalSection
	GlobalSection(SolutionProperties) = preSolution
		HideSolutionNode = FALSE
	EndGlobalSection
	GlobalSection(ExtensibilityGlobals) = postSolution
		SolutionGuid = {FB2C80AD-3F6E-46DD-B6E7-9BB25C4E2360}
	EndGlobalSection
EndGlobal
